
Microsoft Visual Studio Solution File, Format Version 12.00
# Visual Studio 15
VisualStudioVersion = 15.0.28307.645
MinimumVisualStudioVersion = 10.0.40219.1
Project("{FAE04EC0-301F-11D3-BF4B-00C04F79EFBC}") = "XamarinQuizApp", "XamarinQuizApp\XamarinQuizApp.csproj", "{F825E5BA-1628-4DBB-8DA2-9592B2336EB1}"
EndProject
Project("{FAE04EC0-301F-11D3-BF4B-00C04F79EFBC}") = "QuizApp.Android", "QuizApp\QuizApp.Android\QuizApp.Android.csproj", "{C1466F86-69B4-4384-9588-07AF9B4D27EC}"
EndProject
Project("{FAE04EC0-301F-11D3-BF4B-00C04F79EFBC}") = "QuizApp.iOS", "QuizApp\QuizApp.iOS\QuizApp.iOS.csproj", "{2D5F83DE-5001-47D9-A65E-B58F243394E2}"
EndProject
Project("{FAE04EC0-301F-11D3-BF4B-00C04F79EFBC}") = "QuizApp", "QuizApp\QuizApp\QuizApp.csproj", "{C89D8CE6-B1F2-4994-9F8C-1BFA29C296E4}"
EndProject
Project("{2150E333-8FDC-42A3-9474-1A3956D46DE8}") = "Mobile", "Mobile", "{9C57BB41-777D-4E1A-9D41-6671F7951413}"
EndProject
Global
	GlobalSection(SolutionConfigurationPlatforms) = preSolution
		Ad-Hoc|Any CPU = Ad-Hoc|Any CPU
		Ad-Hoc|iPhone = Ad-Hoc|iPhone
		Ad-Hoc|iPhoneSimulator = Ad-Hoc|iPhoneSimulator
		AppStore|Any CPU = AppStore|Any CPU
		AppStore|iPhone = AppStore|iPhone
		AppStore|iPhoneSimulator = AppStore|iPhoneSimulator
		Debug|Any CPU = Debug|Any CPU
		Debug|iPhone = Debug|iPhone
		Debug|iPhoneSimulator = Debug|iPhoneSimulator
		Release|Any CPU = Release|Any CPU
		Release|iPhone = Release|iPhone
		Release|iPhoneSimulator = Release|iPhoneSimulator
	EndGlobalSection
	GlobalSection(ProjectConfigurationPlatforms) = postSolution
		{F825E5BA-1628-4DBB-8DA2-9592B2336EB1}.Ad-Hoc|Any CPU.ActiveCfg = Release|Any CPU
		{F825E5BA-1628-4DBB-8DA2-9592B2336EB1}.Ad-Hoc|Any CPU.Build.0 = Release|Any CPU
		{F825E5BA-1628-4DBB-8DA2-9592B2336EB1}.Ad-Hoc|iPhone.ActiveCfg = Release|Any CPU
		{F825E5BA-1628-4DBB-8DA2-9592B2336EB1}.Ad-Hoc|iPhone.Build.0 = Release|Any CPU
		{F825E5BA-1628-4DBB-8DA2-9592B2336EB1}.Ad-Hoc|iPhoneSimulator.ActiveCfg = Release|Any CPU
		{F825E5BA-1628-4DBB-8DA2-9592B2336EB1}.Ad-Hoc|iPhoneSimulator.Build.0 = Release|Any CPU
		{F825E5BA-1628-4DBB-8DA2-9592B2336EB1}.AppStore|Any CPU.ActiveCfg = Release|Any CPU
		{F825E5BA-1628-4DBB-8DA2-9592B2336EB1}.AppStore|Any CPU.Build.0 = Release|Any CPU
		{F825E5BA-1628-4DBB-8DA2-9592B2336EB1}.AppStore|iPhone.ActiveCfg = Release|Any CPU
		{F825E5BA-1628-4DBB-8DA2-9592B2336EB1}.AppStore|iPhone.Build.0 = Release|Any CPU
		{F825E5BA-1628-4DBB-8DA2-9592B2336EB1}.AppStore|iPhoneSimulator.ActiveCfg = Release|Any CPU
		{F825E5BA-1628-4DBB-8DA2-9592B2336EB1}.AppStore|iPhoneSimulator.Build.0 = Release|Any CPU
		{F825E5BA-1628-4DBB-8DA2-9592B2336EB1}.Debug|Any CPU.ActiveCfg = Debug|Any CPU
		{F825E5BA-1628-4DBB-8DA2-9592B2336EB1}.Debug|Any CPU.Build.0 = Debug|Any CPU
		{F825E5BA-1628-4DBB-8DA2-9592B2336EB1}.Debug|iPhone.ActiveCfg = Debug|Any CPU
		{F825E5BA-1628-4DBB-8DA2-9592B2336EB1}.Debug|iPhone.Build.0 = Debug|Any CPU
		{F825E5BA-1628-4DBB-8DA2-9592B2336EB1}.Debug|iPhoneSimulator.ActiveCfg = Debug|Any CPU
		{F825E5BA-1628-4DBB-8DA2-9592B2336EB1}.Debug|iPhoneSimulator.Build.0 = Debug|Any CPU
		{F825E5BA-1628-4DBB-8DA2-9592B2336EB1}.Release|Any CPU.ActiveCfg = Release|Any CPU
		{F825E5BA-1628-4DBB-8DA2-9592B2336EB1}.Release|Any CPU.Build.0 = Release|Any CPU
		{F825E5BA-1628-4DBB-8DA2-9592B2336EB1}.Release|iPhone.ActiveCfg = Release|Any CPU
		{F825E5BA-1628-4DBB-8DA2-9592B2336EB1}.Release|iPhone.Build.0 = Release|Any CPU
		{F825E5BA-1628-4DBB-8DA2-9592B2336EB1}.Release|iPhoneSimulator.ActiveCfg = Release|Any CPU
		{F825E5BA-1628-4DBB-8DA2-9592B2336EB1}.Release|iPhoneSimulator.Build.0 = Release|Any CPU
		{C1466F86-69B4-4384-9588-07AF9B4D27EC}.Ad-Hoc|Any CPU.ActiveCfg = Release|Any CPU
		{C1466F86-69B4-4384-9588-07AF9B4D27EC}.Ad-Hoc|Any CPU.Build.0 = Release|Any CPU
		{C1466F86-69B4-4384-9588-07AF9B4D27EC}.Ad-Hoc|Any CPU.Deploy.0 = Release|Any CPU
		{C1466F86-69B4-4384-9588-07AF9B4D27EC}.Ad-Hoc|iPhone.ActiveCfg = Release|Any CPU
		{C1466F86-69B4-4384-9588-07AF9B4D27EC}.Ad-Hoc|iPhone.Build.0 = Release|Any CPU
		{C1466F86-69B4-4384-9588-07AF9B4D27EC}.Ad-Hoc|iPhone.Deploy.0 = Release|Any CPU
		{C1466F86-69B4-4384-9588-07AF9B4D27EC}.Ad-Hoc|iPhoneSimulator.ActiveCfg = Release|Any CPU
		{C1466F86-69B4-4384-9588-07AF9B4D27EC}.Ad-Hoc|iPhoneSimulator.Build.0 = Release|Any CPU
		{C1466F86-69B4-4384-9588-07AF9B4D27EC}.Ad-Hoc|iPhoneSimulator.Deploy.0 = Release|Any CPU
		{C1466F86-69B4-4384-9588-07AF9B4D27EC}.AppStore|Any CPU.ActiveCfg = Release|Any CPU
		{C1466F86-69B4-4384-9588-07AF9B4D27EC}.AppStore|Any CPU.Build.0 = Release|Any CPU
		{C1466F86-69B4-4384-9588-07AF9B4D27EC}.AppStore|Any CPU.Deploy.0 = Release|Any CPU
		{C1466F86-69B4-4384-9588-07AF9B4D27EC}.AppStore|iPhone.ActiveCfg = Release|Any CPU
		{C1466F86-69B4-4384-9588-07AF9B4D27EC}.AppStore|iPhone.Build.0 = Release|Any CPU
		{C1466F86-69B4-4384-9588-07AF9B4D27EC}.AppStore|iPhone.Deploy.0 = Release|Any CPU
		{C1466F86-69B4-4384-9588-07AF9B4D27EC}.AppStore|iPhoneSimulator.ActiveCfg = Release|Any CPU
		{C1466F86-69B4-4384-9588-07AF9B4D27EC}.AppStore|iPhoneSimulator.Build.0 = Release|Any CPU
		{C1466F86-69B4-4384-9588-07AF9B4D27EC}.AppStore|iPhoneSimulator.Deploy.0 = Release|Any CPU
		{C1466F86-69B4-4384-9588-07AF9B4D27EC}.Debug|Any CPU.ActiveCfg = Debug|Any CPU
		{C1466F86-69B4-4384-9588-07AF9B4D27EC}.Debug|Any CPU.Build.0 = Debug|Any CPU
		{C1466F86-69B4-4384-9588-07AF9B4D27EC}.Debug|Any CPU.Deploy.0 = Debug|Any CPU
		{C1466F86-69B4-4384-9588-07AF9B4D27EC}.Debug|iPhone.ActiveCfg = Debug|Any CPU
		{C1466F86-69B4-4384-9588-07AF9B4D27EC}.Debug|iPhone.Build.0 = Debug|Any CPU
		{C1466F86-69B4-4384-9588-07AF9B4D27EC}.Debug|iPhone.Deploy.0 = Debug|Any CPU
		{C1466F86-69B4-4384-9588-07AF9B4D27EC}.Debug|iPhoneSimulator.ActiveCfg = Debug|Any CPU
		{C1466F86-69B4-4384-9588-07AF9B4D27EC}.Debug|iPhoneSimulator.Build.0 = Debug|Any CPU
		{C1466F86-69B4-4384-9588-07AF9B4D27EC}.Debug|iPhoneSimulator.Deploy.0 = Debug|Any CPU
		{C1466F86-69B4-4384-9588-07AF9B4D27EC}.Release|Any CPU.ActiveCfg = Release|Any CPU
		{C1466F86-69B4-4384-9588-07AF9B4D27EC}.Release|Any CPU.Build.0 = Release|Any CPU
		{C1466F86-69B4-4384-9588-07AF9B4D27EC}.Release|Any CPU.Deploy.0 = Release|Any CPU
		{C1466F86-69B4-4384-9588-07AF9B4D27EC}.Release|iPhone.ActiveCfg = Release|Any CPU
		{C1466F86-69B4-4384-9588-07AF9B4D27EC}.Release|iPhone.Build.0 = Release|Any CPU
		{C1466F86-69B4-4384-9588-07AF9B4D27EC}.Release|iPhone.Deploy.0 = Release|Any CPU
		{C1466F86-69B4-4384-9588-07AF9B4D27EC}.Release|iPhoneSimulator.ActiveCfg = Release|Any CPU
		{C1466F86-69B4-4384-9588-07AF9B4D27EC}.Release|iPhoneSimulator.Build.0 = Release|Any CPU
		{C1466F86-69B4-4384-9588-07AF9B4D27EC}.Release|iPhoneSimulator.Deploy.0 = Release|Any CPU
		{2D5F83DE-5001-47D9-A65E-B58F243394E2}.Ad-Hoc|Any CPU.ActiveCfg = Ad-Hoc|iPhone
		{2D5F83DE-5001-47D9-A65E-B58F243394E2}.Ad-Hoc|iPhone.ActiveCfg = Ad-Hoc|iPhone
		{2D5F83DE-5001-47D9-A65E-B58F243394E2}.Ad-Hoc|iPhone.Build.0 = Ad-Hoc|iPhone
		{2D5F83DE-5001-47D9-A65E-B58F243394E2}.Ad-Hoc|iPhoneSimulator.ActiveCfg = Ad-Hoc|iPhoneSimulator
		{2D5F83DE-5001-47D9-A65E-B58F243394E2}.Ad-Hoc|iPhoneSimulator.Build.0 = Ad-Hoc|iPhoneSimulator
		{2D5F83DE-5001-47D9-A65E-B58F243394E2}.AppStore|Any CPU.ActiveCfg = AppStore|iPhone
		{2D5F83DE-5001-47D9-A65E-B58F243394E2}.AppStore|iPhone.ActiveCfg = AppStore|iPhone
		{2D5F83DE-5001-47D9-A65E-B58F243394E2}.AppStore|iPhone.Build.0 = AppStore|iPhone
		{2D5F83DE-5001-47D9-A65E-B58F243394E2}.AppStore|iPhoneSimulator.ActiveCfg = AppStore|iPhoneSimulator
		{2D5F83DE-5001-47D9-A65E-B58F243394E2}.AppStore|iPhoneSimulator.Build.0 = AppStore|iPhoneSimulator
		{2D5F83DE-5001-47D9-A65E-B58F243394E2}.Debug|Any CPU.ActiveCfg = Debug|iPhone
		{2D5F83DE-5001-47D9-A65E-B58F243394E2}.Debug|iPhone.ActiveCfg = Debug|iPhone
		{2D5F83DE-5001-47D9-A65E-B58F243394E2}.Debug|iPhone.Build.0 = Debug|iPhone
		{2D5F83DE-5001-47D9-A65E-B58F243394E2}.Debug|iPhoneSimulator.ActiveCfg = Debug|iPhoneSimulator
		{2D5F83DE-5001-47D9-A65E-B58F243394E2}.Debug|iPhoneSimulator.Build.0 = Debug|iPhoneSimulator
		{2D5F83DE-5001-47D9-A65E-B58F243394E2}.Release|Any CPU.ActiveCfg = Release|iPhone
		{2D5F83DE-5001-47D9-A65E-B58F243394E2}.Release|iPhone.ActiveCfg = Release|iPhone
		{2D5F83DE-5001-47D9-A65E-B58F243394E2}.Release|iPhone.Build.0 = Release|iPhone
		{2D5F83DE-5001-47D9-A65E-B58F243394E2}.Release|iPhoneSimulator.ActiveCfg = Release|iPhoneSimulator
		{2D5F83DE-5001-47D9-A65E-B58F243394E2}.Release|iPhoneSimulator.Build.0 = Release|iPhoneSimulator
		{C89D8CE6-B1F2-4994-9F8C-1BFA29C296E4}.Ad-Hoc|Any CPU.ActiveCfg = Debug|Any CPU
		{C89D8CE6-B1F2-4994-9F8C-1BFA29C296E4}.Ad-Hoc|Any CPU.Build.0 = Debug|Any CPU
		{C89D8CE6-B1F2-4994-9F8C-1BFA29C296E4}.Ad-Hoc|iPhone.ActiveCfg = Debug|Any CPU
		{C89D8CE6-B1F2-4994-9F8C-1BFA29C296E4}.Ad-Hoc|iPhone.Build.0 = Debug|Any CPU
		{C89D8CE6-B1F2-4994-9F8C-1BFA29C296E4}.Ad-Hoc|iPhoneSimulator.ActiveCfg = Debug|Any CPU
		{C89D8CE6-B1F2-4994-9F8C-1BFA29C296E4}.Ad-Hoc|iPhoneSimulator.Build.0 = Debug|Any CPU
		{C89D8CE6-B1F2-4994-9F8C-1BFA29C296E4}.AppStore|Any CPU.ActiveCfg = Debug|Any CPU
		{C89D8CE6-B1F2-4994-9F8C-1BFA29C296E4}.AppStore|Any CPU.Build.0 = Debug|Any CPU
		{C89D8CE6-B1F2-4994-9F8C-1BFA29C296E4}.AppStore|iPhone.ActiveCfg = Debug|Any CPU
		{C89D8CE6-B1F2-4994-9F8C-1BFA29C296E4}.AppStore|iPhone.Build.0 = Debug|Any CPU
		{C89D8CE6-B1F2-4994-9F8C-1BFA29C296E4}.AppStore|iPhoneSimulator.ActiveCfg = Debug|Any CPU
		{C89D8CE6-B1F2-4994-9F8C-1BFA29C296E4}.AppStore|iPhoneSimulator.Build.0 = Debug|Any CPU
		{C89D8CE6-B1F2-4994-9F8C-1BFA29C296E4}.Debug|Any CPU.ActiveCfg = Debug|Any CPU
		{C89D8CE6-B1F2-4994-9F8C-1BFA29C296E4}.Debug|Any CPU.Build.0 = Debug|Any CPU
		{C89D8CE6-B1F2-4994-9F8C-1BFA29C296E4}.Debug|iPhone.ActiveCfg = Debug|Any CPU
		{C89D8CE6-B1F2-4994-9F8C-1BFA29C296E4}.Debug|iPhone.Build.0 = Debug|Any CPU
		{C89D8CE6-B1F2-4994-9F8C-1BFA29C296E4}.Debug|iPhoneSimulator.ActiveCfg = Debug|Any CPU
		{C89D8CE6-B1F2-4994-9F8C-1BFA29C296E4}.Debug|iPhoneSimulator.Build.0 = Debug|Any CPU
		{C89D8CE6-B1F2-4994-9F8C-1BFA29C296E4}.Release|Any CPU.ActiveCfg = Release|Any CPU
		{C89D8CE6-B1F2-4994-9F8C-1BFA29C296E4}.Release|Any CPU.Build.0 = Release|Any CPU
		{C89D8CE6-B1F2-4994-9F8C-1BFA29C296E4}.Release|iPhone.ActiveCfg = Release|Any CPU
		{C89D8CE6-B1F2-4994-9F8C-1BFA29C296E4}.Release|iPhone.Build.0 = Release|Any CPU
		{C89D8CE6-B1F2-4994-9F8C-1BFA29C296E4}.Release|iPhoneSimulator.ActiveCfg = Release|Any CPU
		{C89D8CE6-B1F2-4994-9F8C-1BFA29C296E4}.Release|iPhoneSimulator.Build.0 = Release|Any CPU
	EndGlobalSection
	GlobalSection(SolutionProperties) = preSolution
		HideSolutionNode = FALSE
	EndGlobalSection
	GlobalSection(NestedProjects) = preSolution
		{C1466F86-69B4-4384-9588-07AF9B4D27EC} = {9C57BB41-777D-4E1A-9D41-6671F7951413}
		{2D5F83DE-5001-47D9-A65E-B58F243394E2} = {9C57BB41-777D-4E1A-9D41-6671F7951413}
		{C89D8CE6-B1F2-4994-9F8C-1BFA29C296E4} = {9C57BB41-777D-4E1A-9D41-6671F7951413}
	EndGlobalSection
	GlobalSection(ExtensibilityGlobals) = postSolution
		SolutionGuid = {14BFF037-0DF9-4A4B-8BDC-82B09413420B}
	EndGlobalSection
EndGlobal
